// !$*UTF8*$!
{
	archiveVersion = 1;
	classes = {
	};
	objectVersion = 46;
	objects = {

/* Begin PBXBuildFile section */
		1A3231871A59986C00D83C23 /* AppDelegate.swift in Sources */ = {isa = PBXBuildFile; fileRef = 1A3231861A59986C00D83C23 /* AppDelegate.swift */; };
		1A32318C1A59986C00D83C23 /* Main.storyboard in Resources */ = {isa = PBXBuildFile; fileRef = 1A32318A1A59986C00D83C23 /* Main.storyboard */; };
		1A32318E1A59986C00D83C23 /* Images.xcassets in Resources */ = {isa = PBXBuildFile; fileRef = 1A32318D1A59986C00D83C23 /* Images.xcassets */; };
		1A3231911A59986C00D83C23 /* LaunchScreen.xib in Resources */ = {isa = PBXBuildFile; fileRef = 1A32318F1A59986C00D83C23 /* LaunchScreen.xib */; };
		1A3231A71A599DDF00D83C23 /* NotesTableViewController.swift in Sources */ = {isa = PBXBuildFile; fileRef = 1A3231A61A599DDF00D83C23 /* NotesTableViewController.swift */; };
		1A3231AB1A59B98900D83C23 /* Note.swift in Sources */ = {isa = PBXBuildFile; fileRef = 1A3231AA1A59B98900D83C23 /* Note.swift */; };
		1A3231AD1A59C0BC00D83C23 /* NoteDetailTableViewCell.swift in Sources */ = {isa = PBXBuildFile; fileRef = 1A3231AC1A59C0BC00D83C23 /* NoteDetailTableViewCell.swift */; };
		1A3231EF1A59EA4700D83C23 /* DetailViewController.swift in Sources */ = {isa = PBXBuildFile; fileRef = 1A3231EE1A59EA4700D83C23 /* DetailViewController.swift */; };
		1A3E46E81A5AD50600E1BB60 /* NoteStore.swift in Sources */ = {isa = PBXBuildFile; fileRef = 1A3E46E71A5AD50600E1BB60 /* NoteStore.swift */; };
		1A7433831A5B85DF00F525F6 /* Solid_white.png in Resources */ = {isa = PBXBuildFile; fileRef = 1A7433821A5B85DF00F525F6 /* Solid_white.png */; };
/* End PBXBuildFile section */

/* Begin PBXFileReference section */
		1A3231811A59986C00D83C23 /* JamesNote.app */ = {isa = PBXFileReference; explicitFileType = wrapper.application; includeInIndex = 0; path = JamesNote.app; sourceTree = BUILT_PRODUCTS_DIR; };
		1A3231851A59986C00D83C23 /* Info.plist */ = {isa = PBXFileReference; lastKnownFileType = text.plist.xml; path = Info.plist; sourceTree = "<group>"; };
		1A3231861A59986C00D83C23 /* AppDelegate.swift */ = {isa = PBXFileReference; lastKnownFileType = sourcecode.swift; path = AppDelegate.swift; sourceTree = "<group>"; };
		1A32318B1A59986C00D83C23 /* Base */ = {isa = PBXFileReference; lastKnownFileType = file.storyboard; name = Base; path = Base.lproj/Main.storyboard; sourceTree = "<group>"; };
		1A32318D1A59986C00D83C23 /* Images.xcassets */ = {isa = PBXFileReference; lastKnownFileType = folder.assetcatalog; path = Images.xcassets; sourceTree = "<group>"; };
		1A3231901A59986C00D83C23 /* Base */ = {isa = PBXFileReference; lastKnownFileType = file.xib; name = Base; path = Base.lproj/LaunchScreen.xib; sourceTree = "<group>"; };
		1A3231A61A599DDF00D83C23 /* NotesTableViewController.swift */ = {isa = PBXFileReference; fileEncoding = 4; lastKnownFileType = sourcecode.swift; path = NotesTableViewController.swift; sourceTree = "<group>"; };
		1A3231AA1A59B98900D83C23 /* Note.swift */ = {isa = PBXFileReference; fileEncoding = 4; lastKnownFileType = sourcecode.swift; path = Note.swift; sourceTree = "<group>"; };
		1A3231AC1A59C0BC00D83C23 /* NoteDetailTableViewCell.swift */ = {isa = PBXFileReference; fileEncoding = 4; lastKnownFileType = sourcecode.swift; path = NoteDetailTableViewCell.swift; sourceTree = "<group>"; };
		1A3231EE1A59EA4700D83C23 /* DetailViewController.swift */ = {isa = PBXFileReference; fileEncoding = 4; lastKnownFileType = sourcecode.swift; path = DetailViewController.swift; sourceTree = "<group>"; };
		1A3E46E71A5AD50600E1BB60 /* NoteStore.swift */ = {isa = PBXFileReference; fileEncoding = 4; lastKnownFileType = sourcecode.swift; path = NoteStore.swift; sourceTree = "<group>"; };
		1A7433821A5B85DF00F525F6 /* Solid_white.png */ = {isa = PBXFileReference; lastKnownFileType = image.png; name = Solid_white.png; path = ../Solid_white.png; sourceTree = "<group>"; };
/* End PBXFileReference section */

/* Begin PBXFrameworksBuildPhase section */
		1A32317E1A59986C00D83C23 /* Frameworks */ = {
			isa = PBXFrameworksBuildPhase;
			buildActionMask = 2147483647;
			files = (
			);
			runOnlyForDeploymentPostprocessing = 0;
		};
/* End PBXFrameworksBuildPhase section */

/* Begin PBXGroup section */
		1A3231781A59986C00D83C23 = {
			isa = PBXGroup;
			children = (
				1A3231831A59986C00D83C23 /* JamesNote */,
				1A3231821A59986C00D83C23 /* Products */,
			);
			sourceTree = "<group>";
		};
		1A3231821A59986C00D83C23 /* Products */ = {
			isa = PBXGroup;
			children = (
				1A3231811A59986C00D83C23 /* JamesNote.app */,
			);
			name = Products;
			sourceTree = "<group>";
		};
		1A3231831A59986C00D83C23 /* JamesNote */ = {
			isa = PBXGroup;
			children = (
				1A7433821A5B85DF00F525F6 /* Solid_white.png */,
				1A3231861A59986C00D83C23 /* AppDelegate.swift */,
				1A3231AA1A59B98900D83C23 /* Note.swift */,
				1A3E46E71A5AD50600E1BB60 /* NoteStore.swift */,
				1A3231A61A599DDF00D83C23 /* NotesTableViewController.swift */,
				1A3231AC1A59C0BC00D83C23 /* NoteDetailTableViewCell.swift */,
				1A3231EE1A59EA4700D83C23 /* DetailViewController.swift */,
				1A32318A1A59986C00D83C23 /* Main.storyboard */,
				1A32318D1A59986C00D83C23 /* Images.xcassets */,
				1A32318F1A59986C00D83C23 /* LaunchScreen.xib */,
				1A3231841A59986C00D83C23 /* Supporting Files */,
			);
			path = JamesNote;
			sourceTree = "<group>";
		};
		1A3231841A59986C00D83C23 /* Supporting Files */ = {
			isa = PBXGroup;
			children = (
				1A3231851A59986C00D83C23 /* Info.plist */,
			);
			name = "Supporting Files";
			sourceTree = "<group>";
		};
/* End PBXGroup section */

/* Begin PBXNativeTarget section */
		1A3231801A59986C00D83C23 /* JamesNote */ = {
			isa = PBXNativeTarget;
			buildConfigurationList = 1A3231A01A59986C00D83C23 /* Build configuration list for PBXNativeTarget "JamesNote" */;
			buildPhases = (
				1A32317D1A59986C00D83C23 /* Sources */,
				1A32317E1A59986C00D83C23 /* Frameworks */,
				1A32317F1A59986C00D83C23 /* Resources */,
			);
			buildRules = (
			);
			dependencies = (
			);
			name = JamesNote;
			productName = JamesNote;
			productReference = 1A3231811A59986C00D83C23 /* JamesNote.app */;
			productType = "com.apple.product-type.application";
		};
/* End PBXNativeTarget section */

/* Begin PBXProject section */
		1A3231791A59986C00D83C23 /* Project object */ = {
			isa = PBXProject;
			attributes = {
				LastUpgradeCheck = 0610;
				ORGANIZATIONNAME = James;
				TargetAttributes = {
					1A3231801A59986C00D83C23 = {
						CreatedOnToolsVersion = 6.1.1;
					};
				};
			};
			buildConfigurationList = 1A32317C1A59986C00D83C23 /* Build configuration list for PBXProject "JamesNote" */;
			compatibilityVersion = "Xcode 3.2";
			developmentRegion = English;
			hasScannedForEncodings = 0;
			knownRegions = (
				en,
				Base,
			);
			mainGroup = 1A3231781A59986C00D83C23;
			productRefGroup = 1A3231821A59986C00D83C23 /* Products */;
			projectDirPath = "";
			projectRoot = "";
			targets = (
				1A3231801A59986C00D83C23 /* JamesNote */,
			);
		};
/* End PBXProject section */

/* Begin PBXResourcesBuildPhase section */
		1A32317F1A59986C00D83C23 /* Resources */ = {
			isa = PBXResourcesBuildPhase;
			buildActionMask = 2147483647;
			files = (
				1A7433831A5B85DF00F525F6 /* Solid_white.png in Resources */,
				1A32318C1A59986C00D83C23 /* Main.storyboard in Resources */,
				1A3231911A59986C00D83C23 /* LaunchScreen.xib in Resources */,
				1A32318E1A59986C00D83C23 /* Images.xcassets in Resources */,
			);
			runOnlyForDeploymentPostprocessing = 0;
		};
/* End PBXResourcesBuildPhase section */

/* Begin PBXSourcesBuildPhase section */
		1A32317D1A59986C00D83C23 /* Sources */ = {
			isa = PBXSourcesBuildPhase;
			buildActionMask = 2147483647;
			files = (
				1A3231AD1A59C0BC00D83C23 /* NoteDetailTableViewCell.swift in Sources */,
				1A3231871A59986C00D83C23 /* AppDelegate.swift in Sources */,
				1A3231EF1A59EA4700D83C23 /* DetailViewController.swift in Sources */,
				1A3E46E81A5AD50600E1BB60 /* NoteStore.swift in Sources */,
				1A3231A71A599DDF00D83C23 /* NotesTableViewController.swift in Sources */,
				1A3231AB1A59B98900D83C23 /* Note.swift in Sources */,
			);
			runOnlyForDeploymentPostprocessing = 0;
		};
/* End PBXSourcesBuildPhase section */

/* Begin PBXVariantGroup section */
		1A32318A1A59986C00D83C23 /* Main.storyboard */ = {
			isa = PBXVariantGroup;
			children = (
				1A32318B1A59986C00D83C23 /* Base */,
			);
			name = Main.storyboard;
			sourceTree = "<group>";
		};
		1A32318F1A59986C00D83C23 /* LaunchScreen.xib */ = {
			isa = PBXVariantGroup;
			children = (
				1A3231901A59986C00D83C23 /* Base */,
			);
			name = LaunchScreen.xib;
			sourceTree = "<group>";
		};
/* End PBXVariantGroup section */

/* Begin XCBuildConfiguration section */
		1A32319E1A59986C00D83C23 /* Debug */ = {
			isa = XCBuildConfiguration;
			buildSettings = {
				ALWAYS_SEARCH_USER_PATHS = NO;
				CLANG_CXX_LANGUAGE_STANDARD = "gnu++0x";
				CLANG_CXX_LIBRARY = "libc++";
				CLANG_ENABLE_MODULES = YES;
				CLANG_ENABLE_OBJC_ARC = YES;
				CLANG_WARN_BOOL_CONVERSION = YES;
				CLANG_WARN_CONSTANT_CONVERSION = YES;
				CLANG_WARN_DIRECT_OBJC_ISA_USAGE = YES_ERROR;
				CLANG_WARN_EMPTY_BODY = YES;
				CLANG_WARN_ENUM_CONVERSION = YES;
				CLANG_WARN_INT_CONVERSION = YES;
				CLANG_WARN_OBJC_ROOT_CLASS = YES_ERROR;
				CLANG_WARN_UNREACHABLE_CODE = YES;
				CLANG_WARN__DUPLICATE_METHOD_MATCH = YES;
				"CODE_SIGN_IDENTITY[sdk=iphoneos*]" = "iPhone Developer";
				COPY_PHASE_STRIP = NO;
				ENABLE_STRICT_OBJC_MSGSEND = YES;
				GCC_C_LANGUAGE_STANDARD = gnu99;
				GCC_DYNAMIC_NO_PIC = NO;
				GCC_OPTIMIZATION_LEVEL = 0;
				GCC_PREPROCESSOR_DEFINITIONS = (
					"DEBUG=1",
					"$(inherited)",
				);
				GCC_SYMBOLS_PRIVATE_EXTERN = NO;
				GCC_WARN_64_TO_32_BIT_CONVERSION = YES;
				GCC_WARN_ABOUT_RETURN_TYPE = YES_ERROR;
				GCC_WARN_UNDECLARED_SELECTOR = YES;
				GCC_WARN_UNINITIALIZED_AUTOS = YES_AGGRESSIVE;
				GCC_WARN_UNUSED_FUNCTION = YES;
				GCC_WARN_UNUSED_VARIABLE = YES;
				IPHONEOS_DEPLOYMENT_TARGET = 8.1;
				MTL_ENABLE_DEBUG_INFO = YES;
				ONLY_ACTIVE_ARCH = YES;
				SDKROOT = iphoneos;
				SWIFT_OPTIMIZATION_LEVEL = "-Onone";
			};
			name = Debug;
		};
		1A32319F1A59986C00D83C23 /* Release */ = {
			isa = XCBuildConfiguration;
			buildSettings = {
				ALWAYS_SEARCH_USER_PATHS = NO;
				CLANG_CXX_LANGUAGE_STANDARD = "gnu++0x";
				CLANG_CXX_LIBRARY = "libc++";
				CLANG_ENABLE_MODULES = YES;
				CLANG_ENABLE_OBJC_ARC = YES;
				CLANG_WARN_BOOL_CONVERSION = YES;
				CLANG_WARN_CONSTANT_CONVERSION = YES;
				CLANG_WARN_DIRECT_OBJC_ISA_USAGE = YES_ERROR;
				CLANG_WARN_EMPTY_BODY = YES;
				CLANG_WARN_ENUM_CONVERSION = YES;
				CLANG_WARN_INT_CONVERSION = YES;
				CLANG_WARN_OBJC_ROOT_CLASS = YES_ERROR;
				CLANG_WARN_UNREACHABLE_CODE = YES;
				CLANG_WARN__DUPLICATE_METHOD_MATCH = YES;
				"CODE_SIGN_IDENTITY[sdk=iphoneos*]" = "iPhone Developer";
				COPY_PHASE_STRIP = YES;
				ENABLE_NS_ASSERTIONS = NO;
				ENABLE_STRICT_OBJC_MSGSEND = YES;
				GCC_C_LANGUAGE_STANDARD = gnu99;
				GCC_WARN_64_TO_32_BIT_CONVERSION = YES;
				GCC_WARN_ABOUT_RETURN_TYPE = YES_ERROR;
				GCC_WARN_UNDECLARED_SELECTOR = YES;
				GCC_WARN_UNINITIALIZED_AUTOS = YES_AGGRESSIVE;
				GCC_WARN_UNUSED_FUNCTION = YES;
				GCC_WARN_UNUSED_VARIABLE = YES;
				IPHONEOS_DEPLOYMENT_TARGET = 8.1;
				MTL_ENABLE_DEBUG_INFO = NO;
				SDKROOT = iphoneos;
				VALIDATE_PRODUCT = YES;
			};
			name = Release;
		};
		1A3231A11A59986C00D83C23 /* Debug */ = {
			isa = XCBuildConfiguration;
			buildSettings = {
				ASSETCATALOG_COMPILER_APPICON_NAME = AppIcon;
				INFOPLIST_FILE = JamesNote/Info.plist;
				LD_RUNPATH_SEARCH_PATHS = "$(inherited) @executable_path/Frameworks";
				PRODUCT_NAME = "$(TARGET_NAME)";
			};
			name = Debug;
		};
		1A3231A21A59986C00D83C23 /* Release */ = {
			isa = XCBuildConfiguration;
			buildSettings = {
				ASSETCATALOG_COMPILER_APPICON_NAME = AppIcon;
				INFOPLIST_FILE = JamesNote/Info.plist;
				LD_RUNPATH_SEARCH_PATHS = "$(inherited) @executable_path/Frameworks";
				PRODUCT_NAME = "$(TARGET_NAME)";
			};
			name = Release;
		};
/* End XCBuildConfiguration section */

/* Begin XCConfigurationList section */
		1A32317C1A59986C00D83C23 /* Build configuration list for PBXProject "JamesNote" */ = {
			isa = XCConfigurationList;
			buildConfigurations = (
				1A32319E1A59986C00D83C23 /* Debug */,
				1A32319F1A59986C00D83C23 /* Release */,
			);
			defaultConfigurationIsVisible = 0;
			defaultConfigurationName = Release;
		};
		1A3231A01A59986C00D83C23 /* Build configuration list for PBXNativeTarget "JamesNote" */ = {
			isa = XCConfigurationList;
			buildConfigurations = (
				1A3231A11A59986C00D83C23 /* Debug */,
				1A3231A21A59986C00D83C23 /* Release */,
			);
			defaultConfigurationIsVisible = 0;
			defaultConfigurationName = Release;
		};
/* End XCConfigurationList section */
	};
	rootObject = 1A3231791A59986C00D83C23 /* Project object */;
}
